// !$*UTF8*$!
{
	archiveVersion = 1;
	classes = {
	};
	objectVersion = 55;
	objects = {

/* Begin PBXBuildFile section */
		1BDC72D376BD1A5AC753744E /* Pods_MateRunner.framework in Frameworks */ = {isa = PBXBuildFile; fileRef = 5548203E72F57E9BDD31D1FD /* Pods_MateRunner.framework */; };
		3D86DA7D2730F8E90005702F /* NotoSans-boldItalic.ttf in Resources */ = {isa = PBXBuildFile; fileRef = 3D86DA7C2730F8E90005702F /* NotoSans-boldItalic.ttf */; };
		3DF4C859273104B500A4B229 /* RunningResultViewModel.swift in Sources */ = {isa = PBXBuildFile; fileRef = 3DF4C858273104B500A4B229 /* RunningResultViewModel.swift */; };
		3DF4C85B2731083B00A4B229 /* ResultUseCase.swift in Sources */ = {isa = PBXBuildFile; fileRef = 3DF4C85A2731083B00A4B229 /* ResultUseCase.swift */; };
		3DF6D07E27301F1100991DC3 /* RunningResultViewController.swift in Sources */ = {isa = PBXBuildFile; fileRef = 3DF6D07D27301F1100991DC3 /* RunningResultViewController.swift */; };
		3DFD08A3272FE20600B46479 /* DistanceSettingUseCase.swift in Sources */ = {isa = PBXBuildFile; fileRef = 3DFD08A2272FE20500B46479 /* DistanceSettingUseCase.swift */; };
		5E171E61273251B4001C003B /* RunningResult.swift in Sources */ = {isa = PBXBuildFile; fileRef = 5E171E60273251B4001C003B /* RunningResult.swift */; };
		5E171E632732536C001C003B /* Point.swift in Sources */ = {isa = PBXBuildFile; fileRef = 5E171E622732536C001C003B /* Point.swift */; };
		5E171E6527325691001C003B /* RunningSetting.swift in Sources */ = {isa = PBXBuildFile; fileRef = 5E171E6427325691001C003B /* RunningSetting.swift */; };
		5E171E67273258A4001C003B /* RunningMode.swift in Sources */ = {isa = PBXBuildFile; fileRef = 5E171E66273258A4001C003B /* RunningMode.swift */; };
		5E32DC652731004D000E525B /* BehaviorRelayProperty.swift in Sources */ = {isa = PBXBuildFile; fileRef = 5E32DC642731004D000E525B /* BehaviorRelayProperty.swift */; };
		5E32DC6827314764000E525B /* RoundedButton.swift in Sources */ = {isa = PBXBuildFile; fileRef = 5E32DC6727314764000E525B /* RoundedButton.swift */; };
		5E4E7A9F2730214700C6B762 /* MateRunningModeSettingViewController.swift in Sources */ = {isa = PBXBuildFile; fileRef = 5E4E7A9E2730214700C6B762 /* MateRunningModeSettingViewController.swift */; };
		5E4E7AA12730513500C6B762 /* MateRunningModeSettingViewModel.swift in Sources */ = {isa = PBXBuildFile; fileRef = 5E4E7AA02730513500C6B762 /* MateRunningModeSettingViewModel.swift */; };
		5E918A0A272BD76D00B57888 /* AppDelegate.swift in Sources */ = {isa = PBXBuildFile; fileRef = 5E918A09272BD76D00B57888 /* AppDelegate.swift */; };
		5E918A0C272BD76D00B57888 /* SceneDelegate.swift in Sources */ = {isa = PBXBuildFile; fileRef = 5E918A0B272BD76D00B57888 /* SceneDelegate.swift */; };
		5E918A11272BD76D00B57888 /* Main.storyboard in Resources */ = {isa = PBXBuildFile; fileRef = 5E918A0F272BD76D00B57888 /* Main.storyboard */; };
		5E918A14272BD76D00B57888 /* MateRunner.xcdatamodeld in Sources */ = {isa = PBXBuildFile; fileRef = 5E918A12272BD76D00B57888 /* MateRunner.xcdatamodeld */; };
		5E918A16272BD76F00B57888 /* Assets.xcassets in Resources */ = {isa = PBXBuildFile; fileRef = 5E918A15272BD76F00B57888 /* Assets.xcassets */; };
		5E918A19272BD76F00B57888 /* LaunchScreen.storyboard in Resources */ = {isa = PBXBuildFile; fileRef = 5E918A17272BD76F00B57888 /* LaunchScreen.storyboard */; };
		5E918A21272BD77B00B57888 /* GoogleService-Info.plist in Resources */ = {isa = PBXBuildFile; fileRef = 5E918A20272BD77B00B57888 /* GoogleService-Info.plist */; };
		5EFABAEE272FB5EB00686D08 /* UIColor+CustomColor.swift in Sources */ = {isa = PBXBuildFile; fileRef = 5EFABAED272FB5EB00686D08 /* UIColor+CustomColor.swift */; };
		AE6A6F2B272CC7C4005A3A5C /* TabBarController.swift in Sources */ = {isa = PBXBuildFile; fileRef = AE6A6F2A272CC7C4005A3A5C /* TabBarController.swift */; };
		AE6A6F2D272CCB2A005A3A5C /* RecordViewController.swift in Sources */ = {isa = PBXBuildFile; fileRef = AE6A6F2C272CCB2A005A3A5C /* RecordViewController.swift */; };
		AE6A6F2F272CCB46005A3A5C /* HomeViewController.swift in Sources */ = {isa = PBXBuildFile; fileRef = AE6A6F2E272CCB46005A3A5C /* HomeViewController.swift */; };
		AE6A6F31272CCB59005A3A5C /* MyPageViewController.swift in Sources */ = {isa = PBXBuildFile; fileRef = AE6A6F30272CCB59005A3A5C /* MyPageViewController.swift */; };
		AE6A6F33272CCB74005A3A5C /* MateViewController.swift in Sources */ = {isa = PBXBuildFile; fileRef = AE6A6F32272CCB74005A3A5C /* MateViewController.swift */; };
		AE6A6F35272FC170005A3A5C /* DistanceSettingViewController.swift in Sources */ = {isa = PBXBuildFile; fileRef = AE6A6F34272FC170005A3A5C /* DistanceSettingViewController.swift */; };
		AE6A6F37272FC723005A3A5C /* UIFont+CustomFont.swift in Sources */ = {isa = PBXBuildFile; fileRef = AE6A6F36272FC723005A3A5C /* UIFont+CustomFont.swift */; };
		AE6A6F532730423D005A3A5C /* RunningModeSettingViewController.swift in Sources */ = {isa = PBXBuildFile; fileRef = AE6A6F522730423D005A3A5C /* RunningModeSettingViewController.swift */; };
		AE6A6F562730E450005A3A5C /* UIView+ShadowEffect.swift in Sources */ = {isa = PBXBuildFile; fileRef = AE6A6F552730E450005A3A5C /* UIView+ShadowEffect.swift */; };
		AE6A6F582730FAEB005A3A5C /* RunningModeSettingViewModel.swift in Sources */ = {isa = PBXBuildFile; fileRef = AE6A6F572730FAEB005A3A5C /* RunningModeSettingViewModel.swift */; };
		AE6A6F5A2732B940005A3A5C /* RunningModeSettingUseCase.swift in Sources */ = {isa = PBXBuildFile; fileRef = AE6A6F592732B940005A3A5C /* RunningModeSettingUseCase.swift */; };
		AE6A6F5D2732D1CD005A3A5C /* HealthKit.framework in Frameworks */ = {isa = PBXBuildFile; fileRef = AE6A6F5C2732D1CD005A3A5C /* HealthKit.framework */; };
		B06E6DC427326C1C00D1EDAC /* Emoji.swift in Sources */ = {isa = PBXBuildFile; fileRef = B06E6DC327326C1C00D1EDAC /* Emoji.swift */; };
		B06E6DC727326E3F00D1EDAC /* RaceRunningResult.swift in Sources */ = {isa = PBXBuildFile; fileRef = B06E6DC627326E3F00D1EDAC /* RaceRunningResult.swift */; };
		B06E6DC927326E4E00D1EDAC /* TeamRunningResult.swift in Sources */ = {isa = PBXBuildFile; fileRef = B06E6DC827326E4E00D1EDAC /* TeamRunningResult.swift */; };
		B0E72E0C272FCDEE009E5635 /* NotoSansKR-light.otf in Resources */ = {isa = PBXBuildFile; fileRef = AE6A6F49272FCDA2005A3A5C /* NotoSansKR-light.otf */; };
		B0E72E0D272FCDEE009E5635 /* NotoSansKR-regular.otf in Resources */ = {isa = PBXBuildFile; fileRef = AE6A6F47272FCDA2005A3A5C /* NotoSansKR-regular.otf */; };
		B0E72E0E272FCDEE009E5635 /* NotoSansKR-thin.otf in Resources */ = {isa = PBXBuildFile; fileRef = AE6A6F4A272FCDA2005A3A5C /* NotoSansKR-thin.otf */; };
		B0E72E0F272FCDEE009E5635 /* NotoSansKR-bold.otf in Resources */ = {isa = PBXBuildFile; fileRef = AE6A6F4B272FCDA2005A3A5C /* NotoSansKR-bold.otf */; };
		B0E72E10272FCDEE009E5635 /* NotoSansKR-medium.otf in Resources */ = {isa = PBXBuildFile; fileRef = AE6A6F46272FCDA2005A3A5C /* NotoSansKR-medium.otf */; };
		B0E72E11272FCDEE009E5635 /* NotoSansKR-black.otf in Resources */ = {isa = PBXBuildFile; fileRef = AE6A6F48272FCDA2005A3A5C /* NotoSansKR-black.otf */; };
		B0E72E15272FD2CC009E5635 /* DistanceSettingViewModel.swift in Sources */ = {isa = PBXBuildFile; fileRef = B0E72E14272FD2CC009E5635 /* DistanceSettingViewModel.swift */; };
/* End PBXBuildFile section */

/* Begin PBXFileReference section */
		3D86DA7C2730F8E90005702F /* NotoSans-boldItalic.ttf */ = {isa = PBXFileReference; lastKnownFileType = file; path = "NotoSans-boldItalic.ttf"; sourceTree = "<group>"; };
		3DF4C858273104B500A4B229 /* RunningResultViewModel.swift */ = {isa = PBXFileReference; lastKnownFileType = sourcecode.swift; path = RunningResultViewModel.swift; sourceTree = "<group>"; };
		3DF4C85A2731083B00A4B229 /* ResultUseCase.swift */ = {isa = PBXFileReference; lastKnownFileType = sourcecode.swift; path = ResultUseCase.swift; sourceTree = "<group>"; };
		3DF6D07D27301F1100991DC3 /* RunningResultViewController.swift */ = {isa = PBXFileReference; lastKnownFileType = sourcecode.swift; path = RunningResultViewController.swift; sourceTree = "<group>"; };
		3DFD08A2272FE20500B46479 /* DistanceSettingUseCase.swift */ = {isa = PBXFileReference; lastKnownFileType = sourcecode.swift; path = DistanceSettingUseCase.swift; sourceTree = "<group>"; };
		5548203E72F57E9BDD31D1FD /* Pods_MateRunner.framework */ = {isa = PBXFileReference; explicitFileType = wrapper.framework; includeInIndex = 0; path = Pods_MateRunner.framework; sourceTree = BUILT_PRODUCTS_DIR; };
		5E171E60273251B4001C003B /* RunningResult.swift */ = {isa = PBXFileReference; lastKnownFileType = sourcecode.swift; path = RunningResult.swift; sourceTree = "<group>"; };
		5E171E622732536C001C003B /* Point.swift */ = {isa = PBXFileReference; lastKnownFileType = sourcecode.swift; path = Point.swift; sourceTree = "<group>"; };
		5E171E6427325691001C003B /* RunningSetting.swift */ = {isa = PBXFileReference; lastKnownFileType = sourcecode.swift; path = RunningSetting.swift; sourceTree = "<group>"; };
		5E171E66273258A4001C003B /* RunningMode.swift */ = {isa = PBXFileReference; lastKnownFileType = sourcecode.swift; path = RunningMode.swift; sourceTree = "<group>"; };
		5E32DC642731004D000E525B /* BehaviorRelayProperty.swift */ = {isa = PBXFileReference; lastKnownFileType = sourcecode.swift; path = BehaviorRelayProperty.swift; sourceTree = "<group>"; };
		5E32DC6727314764000E525B /* RoundedButton.swift */ = {isa = PBXFileReference; lastKnownFileType = sourcecode.swift; path = RoundedButton.swift; sourceTree = "<group>"; };
		5E4E7A9E2730214700C6B762 /* MateRunningModeSettingViewController.swift */ = {isa = PBXFileReference; lastKnownFileType = sourcecode.swift; path = MateRunningModeSettingViewController.swift; sourceTree = "<group>"; };
		5E4E7AA02730513500C6B762 /* MateRunningModeSettingViewModel.swift */ = {isa = PBXFileReference; lastKnownFileType = sourcecode.swift; path = MateRunningModeSettingViewModel.swift; sourceTree = "<group>"; };
		5E918A06272BD76D00B57888 /* MateRunner.app */ = {isa = PBXFileReference; explicitFileType = wrapper.application; includeInIndex = 0; path = MateRunner.app; sourceTree = BUILT_PRODUCTS_DIR; };
		5E918A09272BD76D00B57888 /* AppDelegate.swift */ = {isa = PBXFileReference; lastKnownFileType = sourcecode.swift; path = AppDelegate.swift; sourceTree = "<group>"; };
		5E918A0B272BD76D00B57888 /* SceneDelegate.swift */ = {isa = PBXFileReference; lastKnownFileType = sourcecode.swift; path = SceneDelegate.swift; sourceTree = "<group>"; };
		5E918A10272BD76D00B57888 /* Base */ = {isa = PBXFileReference; lastKnownFileType = file.storyboard; name = Base; path = Base.lproj/Main.storyboard; sourceTree = "<group>"; };
		5E918A13272BD76D00B57888 /* MateRunner.xcdatamodel */ = {isa = PBXFileReference; lastKnownFileType = wrapper.xcdatamodel; path = MateRunner.xcdatamodel; sourceTree = "<group>"; };
		5E918A15272BD76F00B57888 /* Assets.xcassets */ = {isa = PBXFileReference; lastKnownFileType = folder.assetcatalog; path = Assets.xcassets; sourceTree = "<group>"; };
		5E918A18272BD76F00B57888 /* Base */ = {isa = PBXFileReference; lastKnownFileType = file.storyboard; name = Base; path = Base.lproj/LaunchScreen.storyboard; sourceTree = "<group>"; };
		5E918A1A272BD76F00B57888 /* Info.plist */ = {isa = PBXFileReference; lastKnownFileType = text.plist.xml; path = Info.plist; sourceTree = "<group>"; };
		5E918A20272BD77B00B57888 /* GoogleService-Info.plist */ = {isa = PBXFileReference; fileEncoding = 4; lastKnownFileType = text.plist.xml; path = "GoogleService-Info.plist"; sourceTree = "<group>"; };
		5EFABAED272FB5EB00686D08 /* UIColor+CustomColor.swift */ = {isa = PBXFileReference; lastKnownFileType = sourcecode.swift; path = "UIColor+CustomColor.swift"; sourceTree = "<group>"; };
		6C97F4C39474B393380D3451 /* Pods-MateRunner.release.xcconfig */ = {isa = PBXFileReference; includeInIndex = 1; lastKnownFileType = text.xcconfig; name = "Pods-MateRunner.release.xcconfig"; path = "Target Support Files/Pods-MateRunner/Pods-MateRunner.release.xcconfig"; sourceTree = "<group>"; };
		AA58FE6D980F15F2458B0C88 /* Pods-MateRunner.debug.xcconfig */ = {isa = PBXFileReference; includeInIndex = 1; lastKnownFileType = text.xcconfig; name = "Pods-MateRunner.debug.xcconfig"; path = "Target Support Files/Pods-MateRunner/Pods-MateRunner.debug.xcconfig"; sourceTree = "<group>"; };
		AE6A6F2A272CC7C4005A3A5C /* TabBarController.swift */ = {isa = PBXFileReference; lastKnownFileType = sourcecode.swift; path = TabBarController.swift; sourceTree = "<group>"; };
		AE6A6F2C272CCB2A005A3A5C /* RecordViewController.swift */ = {isa = PBXFileReference; lastKnownFileType = sourcecode.swift; path = RecordViewController.swift; sourceTree = "<group>"; };
		AE6A6F2E272CCB46005A3A5C /* HomeViewController.swift */ = {isa = PBXFileReference; lastKnownFileType = sourcecode.swift; path = HomeViewController.swift; sourceTree = "<group>"; };
		AE6A6F30272CCB59005A3A5C /* MyPageViewController.swift */ = {isa = PBXFileReference; lastKnownFileType = sourcecode.swift; path = MyPageViewController.swift; sourceTree = "<group>"; };
		AE6A6F32272CCB74005A3A5C /* MateViewController.swift */ = {isa = PBXFileReference; lastKnownFileType = sourcecode.swift; path = MateViewController.swift; sourceTree = "<group>"; };
		AE6A6F34272FC170005A3A5C /* DistanceSettingViewController.swift */ = {isa = PBXFileReference; lastKnownFileType = sourcecode.swift; path = DistanceSettingViewController.swift; sourceTree = "<group>"; };
		AE6A6F36272FC723005A3A5C /* UIFont+CustomFont.swift */ = {isa = PBXFileReference; lastKnownFileType = sourcecode.swift; path = "UIFont+CustomFont.swift"; sourceTree = "<group>"; };
		AE6A6F46272FCDA2005A3A5C /* NotoSansKR-medium.otf */ = {isa = PBXFileReference; lastKnownFileType = file; path = "NotoSansKR-medium.otf"; sourceTree = "<group>"; };
		AE6A6F47272FCDA2005A3A5C /* NotoSansKR-regular.otf */ = {isa = PBXFileReference; lastKnownFileType = file; path = "NotoSansKR-regular.otf"; sourceTree = "<group>"; };
		AE6A6F48272FCDA2005A3A5C /* NotoSansKR-black.otf */ = {isa = PBXFileReference; lastKnownFileType = file; path = "NotoSansKR-black.otf"; sourceTree = "<group>"; };
		AE6A6F49272FCDA2005A3A5C /* NotoSansKR-light.otf */ = {isa = PBXFileReference; lastKnownFileType = file; path = "NotoSansKR-light.otf"; sourceTree = "<group>"; };
		AE6A6F4A272FCDA2005A3A5C /* NotoSansKR-thin.otf */ = {isa = PBXFileReference; lastKnownFileType = file; path = "NotoSansKR-thin.otf"; sourceTree = "<group>"; };
		AE6A6F4B272FCDA2005A3A5C /* NotoSansKR-bold.otf */ = {isa = PBXFileReference; lastKnownFileType = file; path = "NotoSansKR-bold.otf"; sourceTree = "<group>"; };
		AE6A6F522730423D005A3A5C /* RunningModeSettingViewController.swift */ = {isa = PBXFileReference; lastKnownFileType = sourcecode.swift; path = RunningModeSettingViewController.swift; sourceTree = "<group>"; };
		AE6A6F552730E450005A3A5C /* UIView+ShadowEffect.swift */ = {isa = PBXFileReference; lastKnownFileType = sourcecode.swift; path = "UIView+ShadowEffect.swift"; sourceTree = "<group>"; };
		AE6A6F572730FAEB005A3A5C /* RunningModeSettingViewModel.swift */ = {isa = PBXFileReference; lastKnownFileType = sourcecode.swift; path = RunningModeSettingViewModel.swift; sourceTree = "<group>"; };
		AE6A6F592732B940005A3A5C /* RunningModeSettingUseCase.swift */ = {isa = PBXFileReference; lastKnownFileType = sourcecode.swift; path = RunningModeSettingUseCase.swift; sourceTree = "<group>"; };
		AE6A6F5C2732D1CD005A3A5C /* HealthKit.framework */ = {isa = PBXFileReference; lastKnownFileType = wrapper.framework; name = HealthKit.framework; path = System/Library/Frameworks/HealthKit.framework; sourceTree = SDKROOT; };
		AEDAFD0C2733A497009BAEAA /* MateRunner.entitlements */ = {isa = PBXFileReference; lastKnownFileType = text.plist.entitlements; path = MateRunner.entitlements; sourceTree = "<group>"; };
		B06E6DC327326C1C00D1EDAC /* Emoji.swift */ = {isa = PBXFileReference; lastKnownFileType = sourcecode.swift; path = Emoji.swift; sourceTree = "<group>"; };
		B06E6DC627326E3F00D1EDAC /* RaceRunningResult.swift */ = {isa = PBXFileReference; lastKnownFileType = sourcecode.swift; path = RaceRunningResult.swift; sourceTree = "<group>"; };
		B06E6DC827326E4E00D1EDAC /* TeamRunningResult.swift */ = {isa = PBXFileReference; lastKnownFileType = sourcecode.swift; path = TeamRunningResult.swift; sourceTree = "<group>"; };
		B0E72E14272FD2CC009E5635 /* DistanceSettingViewModel.swift */ = {isa = PBXFileReference; lastKnownFileType = sourcecode.swift; path = DistanceSettingViewModel.swift; sourceTree = "<group>"; };
/* End PBXFileReference section */

/* Begin PBXFrameworksBuildPhase section */
		5E918A03272BD76D00B57888 /* Frameworks */ = {
			isa = PBXFrameworksBuildPhase;
			buildActionMask = 2147483647;
			files = (
				1BDC72D376BD1A5AC753744E /* Pods_MateRunner.framework in Frameworks */,
				AE6A6F5D2732D1CD005A3A5C /* HealthKit.framework in Frameworks */,
			);
			runOnlyForDeploymentPostprocessing = 0;
		};
/* End PBXFrameworksBuildPhase section */

/* Begin PBXGroup section */
		3DFD08A0272FE15700B46479 /* UseCase */ = {
			isa = PBXGroup;
			children = (
				3DFD08A1272FE1B300B46479 /* Home */,
			);
			path = UseCase;
			sourceTree = "<group>";
		};
		3DFD08A1272FE1B300B46479 /* Home */ = {
			isa = PBXGroup;
			children = (
				3DFD08A2272FE20500B46479 /* DistanceSettingUseCase.swift */,
				3DF4C85A2731083B00A4B229 /* ResultUseCase.swift */,
				AE6A6F592732B940005A3A5C /* RunningModeSettingUseCase.swift */,
			);
			path = Home;
			sourceTree = "<group>";
		};
		55517A34C3B12DF8EAE23DC4 /* Pods */ = {
			isa = PBXGroup;
			children = (
				AA58FE6D980F15F2458B0C88 /* Pods-MateRunner.debug.xcconfig */,
				6C97F4C39474B393380D3451 /* Pods-MateRunner.release.xcconfig */,
			);
			path = Pods;
			sourceTree = "<group>";
		};
		5E171E5F2732518E001C003B /* Model */ = {
			isa = PBXGroup;
			children = (
				5E171E60273251B4001C003B /* RunningResult.swift */,
				5E171E622732536C001C003B /* Point.swift */,
				5E171E6427325691001C003B /* RunningSetting.swift */,
				B06E6DC627326E3F00D1EDAC /* RaceRunningResult.swift */,
				B06E6DC827326E4E00D1EDAC /* TeamRunningResult.swift */,
			);
			path = Model;
			sourceTree = "<group>";
		};
		5E32DC6327310035000E525B /* PropertyWrapper */ = {
			isa = PBXGroup;
			children = (
				5E32DC642731004D000E525B /* BehaviorRelayProperty.swift */,
			);
			path = PropertyWrapper;
			sourceTree = "<group>";
		};
		5E9189FD272BD76D00B57888 = {
			isa = PBXGroup;
			children = (
				5E918A08272BD76D00B57888 /* MateRunner */,
				5E918A07272BD76D00B57888 /* Products */,
				55517A34C3B12DF8EAE23DC4 /* Pods */,
				80A760FF74DDD98FDD98D008 /* Frameworks */,
			);
			sourceTree = "<group>";
		};
		5E918A07272BD76D00B57888 /* Products */ = {
			isa = PBXGroup;
			children = (
				5E918A06272BD76D00B57888 /* MateRunner.app */,
			);
			name = Products;
			sourceTree = "<group>";
		};
		5E918A08272BD76D00B57888 /* MateRunner */ = {
			isa = PBXGroup;
			children = (
				AEDAFD0C2733A497009BAEAA /* MateRunner.entitlements */,
				5EFABAEB272FB51100686D08 /* Util */,
				5EFABAE0272FB28100686D08 /* Resource */,
				B0E72E17272FD2FB009E5635 /* Domain */,
				B0E72E16272FD2E4009E5635 /* Presentation */,
				5E918A22272BD90100B57888 /* Application */,
			);
			path = MateRunner;
			sourceTree = "<group>";
		};
		5E918A22272BD90100B57888 /* Application */ = {
			isa = PBXGroup;
			children = (
				5E918A09272BD76D00B57888 /* AppDelegate.swift */,
				5E918A0B272BD76D00B57888 /* SceneDelegate.swift */,
			);
			path = Application;
			sourceTree = "<group>";
		};
		5EFABADE272FB1F700686D08 /* HomeScene */ = {
			isa = PBXGroup;
			children = (
				AE6A6F542730D8E8005A3A5C /* View */,
				B0E72E13272FD281009E5635 /* ViewModel */,
				5EFABADF272FB20500686D08 /* ViewController */,
			);
			path = HomeScene;
			sourceTree = "<group>";
		};
		5EFABADF272FB20500686D08 /* ViewController */ = {
			isa = PBXGroup;
			children = (
				AE6A6F2E272CCB46005A3A5C /* HomeViewController.swift */,
				5E4E7A9E2730214700C6B762 /* MateRunningModeSettingViewController.swift */,
				AE6A6F34272FC170005A3A5C /* DistanceSettingViewController.swift */,
				3DF6D07D27301F1100991DC3 /* RunningResultViewController.swift */,
				AE6A6F522730423D005A3A5C /* RunningModeSettingViewController.swift */,
			);
			path = ViewController;
			sourceTree = "<group>";
		};
		5EFABAE0272FB28100686D08 /* Resource */ = {
			isa = PBXGroup;
			children = (
				AE6A6F38272FC7AC005A3A5C /* Asset */,
				5EFABAE2272FB3F000686D08 /* CoreData */,
				5EFABAE1272FB3AC00686D08 /* Storyboard */,
				5E918A1A272BD76F00B57888 /* Info.plist */,
				5E918A20272BD77B00B57888 /* GoogleService-Info.plist */,
			);
			path = Resource;
			sourceTree = "<group>";
		};
		5EFABAE1272FB3AC00686D08 /* Storyboard */ = {
			isa = PBXGroup;
			children = (
				5E918A0F272BD76D00B57888 /* Main.storyboard */,
				5E918A17272BD76F00B57888 /* LaunchScreen.storyboard */,
			);
			path = Storyboard;
			sourceTree = "<group>";
		};
		5EFABAE2272FB3F000686D08 /* CoreData */ = {
			isa = PBXGroup;
			children = (
				5E918A12272BD76D00B57888 /* MateRunner.xcdatamodeld */,
			);
			path = CoreData;
			sourceTree = "<group>";
		};
		5EFABAE3272FB43400686D08 /* Common */ = {
			isa = PBXGroup;
			children = (
				5EFABAE4272FB43B00686D08 /* ViewController */,
			);
			path = Common;
			sourceTree = "<group>";
		};
		5EFABAE4272FB43B00686D08 /* ViewController */ = {
			isa = PBXGroup;
			children = (
				AE6A6F2A272CC7C4005A3A5C /* TabBarController.swift */,
			);
			path = ViewController;
			sourceTree = "<group>";
		};
		5EFABAE5272FB45000686D08 /* RecordScene */ = {
			isa = PBXGroup;
			children = (
				5EFABAE6272FB45A00686D08 /* ViewController */,
			);
			path = RecordScene;
			sourceTree = "<group>";
		};
		5EFABAE6272FB45A00686D08 /* ViewController */ = {
			isa = PBXGroup;
			children = (
				AE6A6F2C272CCB2A005A3A5C /* RecordViewController.swift */,
			);
			path = ViewController;
			sourceTree = "<group>";
		};
		5EFABAE7272FB46300686D08 /* MateScene */ = {
			isa = PBXGroup;
			children = (
				B0E72E12272FCEF3009E5635 /* ViewModel */,
				5EFABAE8272FB46800686D08 /* ViewController */,
			);
			path = MateScene;
			sourceTree = "<group>";
		};
		5EFABAE8272FB46800686D08 /* ViewController */ = {
			isa = PBXGroup;
			children = (
				AE6A6F32272CCB74005A3A5C /* MateViewController.swift */,
			);
			path = ViewController;
			sourceTree = "<group>";
		};
		5EFABAE9272FB4A700686D08 /* MyPageScene */ = {
			isa = PBXGroup;
			children = (
				5EFABAEA272FB4C200686D08 /* ViewController */,
			);
			path = MyPageScene;
			sourceTree = "<group>";
		};
		5EFABAEA272FB4C200686D08 /* ViewController */ = {
			isa = PBXGroup;
			children = (
				AE6A6F30272CCB59005A3A5C /* MyPageViewController.swift */,
			);
			path = ViewController;
			sourceTree = "<group>";
		};
		5EFABAEB272FB51100686D08 /* Util */ = {
			isa = PBXGroup;
			children = (
				B06E6DC527326C3C00D1EDAC /* Constant */,
				5E32DC6327310035000E525B /* PropertyWrapper */,
				5EFABAEC272FB56700686D08 /* Extension */,
			);
			path = Util;
			sourceTree = "<group>";
		};
		5EFABAEC272FB56700686D08 /* Extension */ = {
			isa = PBXGroup;
			children = (
				5EFABAED272FB5EB00686D08 /* UIColor+CustomColor.swift */,
				AE6A6F36272FC723005A3A5C /* UIFont+CustomFont.swift */,
				AE6A6F552730E450005A3A5C /* UIView+ShadowEffect.swift */,
			);
			path = Extension;
			sourceTree = "<group>";
		};
		80A760FF74DDD98FDD98D008 /* Frameworks */ = {
			isa = PBXGroup;
			children = (
				AE6A6F5C2732D1CD005A3A5C /* HealthKit.framework */,
				5548203E72F57E9BDD31D1FD /* Pods_MateRunner.framework */,
			);
			name = Frameworks;
			sourceTree = "<group>";
		};
		AE6A6F38272FC7AC005A3A5C /* Asset */ = {
			isa = PBXGroup;
			children = (
				AE6A6F39272FC7BF005A3A5C /* Font */,
				5E918A15272BD76F00B57888 /* Assets.xcassets */,
			);
			path = Asset;
			sourceTree = "<group>";
		};
		AE6A6F39272FC7BF005A3A5C /* Font */ = {
			isa = PBXGroup;
			children = (
				3D86DA7C2730F8E90005702F /* NotoSans-boldItalic.ttf */,
				AE6A6F48272FCDA2005A3A5C /* NotoSansKR-black.otf */,
				AE6A6F4B272FCDA2005A3A5C /* NotoSansKR-bold.otf */,
				AE6A6F49272FCDA2005A3A5C /* NotoSansKR-light.otf */,
				AE6A6F46272FCDA2005A3A5C /* NotoSansKR-medium.otf */,
				AE6A6F47272FCDA2005A3A5C /* NotoSansKR-regular.otf */,
				AE6A6F4A272FCDA2005A3A5C /* NotoSansKR-thin.otf */,
			);
			path = Font;
			sourceTree = "<group>";
		};
		AE6A6F542730D8E8005A3A5C /* View */ = {
			isa = PBXGroup;
			children = (
				5E32DC6727314764000E525B /* RoundedButton.swift */,
			);
			path = View;
			sourceTree = "<group>";
		};
		B06E6DC527326C3C00D1EDAC /* Constant */ = {
			isa = PBXGroup;
			children = (
				B06E6DC327326C1C00D1EDAC /* Emoji.swift */,
				5E171E66273258A4001C003B /* RunningMode.swift */,
			);
			path = Constant;
			sourceTree = "<group>";
		};
		B0E72E12272FCEF3009E5635 /* ViewModel */ = {
			isa = PBXGroup;
			children = (
			);
			path = ViewModel;
			sourceTree = "<group>";
		};
		B0E72E13272FD281009E5635 /* ViewModel */ = {
			isa = PBXGroup;
			children = (
				5E4E7AA02730513500C6B762 /* MateRunningModeSettingViewModel.swift */,
				B0E72E14272FD2CC009E5635 /* DistanceSettingViewModel.swift */,
				3DF4C858273104B500A4B229 /* RunningResultViewModel.swift */,
				AE6A6F572730FAEB005A3A5C /* RunningModeSettingViewModel.swift */,
			);
			path = ViewModel;
			sourceTree = "<group>";
		};
		B0E72E16272FD2E4009E5635 /* Presentation */ = {
			isa = PBXGroup;
			children = (
				5EFABAE3272FB43400686D08 /* Common */,
				5EFABADE272FB1F700686D08 /* HomeScene */,
				5EFABAE5272FB45000686D08 /* RecordScene */,
				5EFABAE7272FB46300686D08 /* MateScene */,
				5EFABAE9272FB4A700686D08 /* MyPageScene */,
			);
			path = Presentation;
			sourceTree = "<group>";
		};
		B0E72E17272FD2FB009E5635 /* Domain */ = {
			isa = PBXGroup;
			children = (
				5E171E5F2732518E001C003B /* Model */,
				3DFD08A0272FE15700B46479 /* UseCase */,
			);
			path = Domain;
			sourceTree = "<group>";
		};
/* End PBXGroup section */

/* Begin PBXNativeTarget section */
		5E918A05272BD76D00B57888 /* MateRunner */ = {
			isa = PBXNativeTarget;
			buildConfigurationList = 5E918A1D272BD76F00B57888 /* Build configuration list for PBXNativeTarget "MateRunner" */;
			buildPhases = (
				064A185DF8724B283EB07CCC /* [CP] Check Pods Manifest.lock */,
				5E918A02272BD76D00B57888 /* Sources */,
				5E918A03272BD76D00B57888 /* Frameworks */,
				5E918A04272BD76D00B57888 /* Resources */,
				2161BB58083247CF4CACD8F4 /* [CP] Embed Pods Frameworks */,
				5E918A23272BD96700B57888 /* ShellScript */,
			);
			buildRules = (
			);
			dependencies = (
			);
			name = MateRunner;
			productName = MateRunner;
			productReference = 5E918A06272BD76D00B57888 /* MateRunner.app */;
			productType = "com.apple.product-type.application";
		};
/* End PBXNativeTarget section */

/* Begin PBXProject section */
		5E9189FE272BD76D00B57888 /* Project object */ = {
			isa = PBXProject;
			attributes = {
				BuildIndependentTargetsInParallel = 1;
				LastSwiftUpdateCheck = 1310;
				LastUpgradeCheck = 1310;
				TargetAttributes = {
					5E918A05272BD76D00B57888 = {
						CreatedOnToolsVersion = 13.1;
					};
				};
			};
			buildConfigurationList = 5E918A01272BD76D00B57888 /* Build configuration list for PBXProject "MateRunner" */;
			compatibilityVersion = "Xcode 13.0";
			developmentRegion = en;
			hasScannedForEncodings = 0;
			knownRegions = (
				en,
				Base,
			);
			mainGroup = 5E9189FD272BD76D00B57888;
			productRefGroup = 5E918A07272BD76D00B57888 /* Products */;
			projectDirPath = "";
			projectRoot = "";
			targets = (
				5E918A05272BD76D00B57888 /* MateRunner */,
			);
		};
/* End PBXProject section */

/* Begin PBXResourcesBuildPhase section */
		5E918A04272BD76D00B57888 /* Resources */ = {
			isa = PBXResourcesBuildPhase;
			buildActionMask = 2147483647;
			files = (
				5E918A19272BD76F00B57888 /* LaunchScreen.storyboard in Resources */,
				5E918A21272BD77B00B57888 /* GoogleService-Info.plist in Resources */,
				B0E72E0F272FCDEE009E5635 /* NotoSansKR-bold.otf in Resources */,
				5E918A16272BD76F00B57888 /* Assets.xcassets in Resources */,
				B0E72E10272FCDEE009E5635 /* NotoSansKR-medium.otf in Resources */,
				B0E72E0C272FCDEE009E5635 /* NotoSansKR-light.otf in Resources */,
				B0E72E0D272FCDEE009E5635 /* NotoSansKR-regular.otf in Resources */,
				5E918A11272BD76D00B57888 /* Main.storyboard in Resources */,
				B0E72E0E272FCDEE009E5635 /* NotoSansKR-thin.otf in Resources */,
				3D86DA7D2730F8E90005702F /* NotoSans-boldItalic.ttf in Resources */,
				B0E72E11272FCDEE009E5635 /* NotoSansKR-black.otf in Resources */,
			);
			runOnlyForDeploymentPostprocessing = 0;
		};
/* End PBXResourcesBuildPhase section */

/* Begin PBXShellScriptBuildPhase section */
		064A185DF8724B283EB07CCC /* [CP] Check Pods Manifest.lock */ = {
			isa = PBXShellScriptBuildPhase;
			buildActionMask = 2147483647;
			files = (
			);
			inputFileListPaths = (
			);
			inputPaths = (
				"${PODS_PODFILE_DIR_PATH}/Podfile.lock",
				"${PODS_ROOT}/Manifest.lock",
			);
			name = "[CP] Check Pods Manifest.lock";
			outputFileListPaths = (
			);
			outputPaths = (
				"$(DERIVED_FILE_DIR)/Pods-MateRunner-checkManifestLockResult.txt",
			);
			runOnlyForDeploymentPostprocessing = 0;
			shellPath = /bin/sh;
			shellScript = "diff \"${PODS_PODFILE_DIR_PATH}/Podfile.lock\" \"${PODS_ROOT}/Manifest.lock\" > /dev/null\nif [ $? != 0 ] ; then\n    # print error to STDERR\n    echo \"error: The sandbox is not in sync with the Podfile.lock. Run 'pod install' or update your CocoaPods installation.\" >&2\n    exit 1\nfi\n# This output is used by Xcode 'outputs' to avoid re-running this script phase.\necho \"SUCCESS\" > \"${SCRIPT_OUTPUT_FILE_0}\"\n";
			showEnvVarsInLog = 0;
		};
		2161BB58083247CF4CACD8F4 /* [CP] Embed Pods Frameworks */ = {
			isa = PBXShellScriptBuildPhase;
			buildActionMask = 2147483647;
			files = (
			);
			inputFileListPaths = (
				"${PODS_ROOT}/Target Support Files/Pods-MateRunner/Pods-MateRunner-frameworks-${CONFIGURATION}-input-files.xcfilelist",
			);
			name = "[CP] Embed Pods Frameworks";
			outputFileListPaths = (
				"${PODS_ROOT}/Target Support Files/Pods-MateRunner/Pods-MateRunner-frameworks-${CONFIGURATION}-output-files.xcfilelist",
			);
			runOnlyForDeploymentPostprocessing = 0;
			shellPath = /bin/sh;
			shellScript = "\"${PODS_ROOT}/Target Support Files/Pods-MateRunner/Pods-MateRunner-frameworks.sh\"\n";
			showEnvVarsInLog = 0;
		};
		5E918A23272BD96700B57888 /* ShellScript */ = {
			isa = PBXShellScriptBuildPhase;
			buildActionMask = 2147483647;
			files = (
			);
			inputFileListPaths = (
			);
			inputPaths = (
			);
			outputFileListPaths = (
			);
			outputPaths = (
			);
			runOnlyForDeploymentPostprocessing = 0;
			shellPath = /bin/sh;
			shellScript = "\"${PODS_ROOT}/SwiftLint/swiftlint\"\n\"${PODS_ROOT}/SwiftLint/swiftlint\" autocorrect\n";
		};
/* End PBXShellScriptBuildPhase section */

/* Begin PBXSourcesBuildPhase section */
		5E918A02272BD76D00B57888 /* Sources */ = {
			isa = PBXSourcesBuildPhase;
			buildActionMask = 2147483647;
			files = (
				5E918A14272BD76D00B57888 /* MateRunner.xcdatamodeld in Sources */,
				3DF4C859273104B500A4B229 /* RunningResultViewModel.swift in Sources */,
				3DFD08A3272FE20600B46479 /* DistanceSettingUseCase.swift in Sources */,
				5EFABAEE272FB5EB00686D08 /* UIColor+CustomColor.swift in Sources */,
				5E918A0A272BD76D00B57888 /* AppDelegate.swift in Sources */,
				AE6A6F582730FAEB005A3A5C /* RunningModeSettingViewModel.swift in Sources */,
				AE6A6F33272CCB74005A3A5C /* MateViewController.swift in Sources */,
				3DF4C85B2731083B00A4B229 /* ResultUseCase.swift in Sources */,
				AE6A6F35272FC170005A3A5C /* DistanceSettingViewController.swift in Sources */,
				B06E6DC927326E4E00D1EDAC /* TeamRunningResult.swift in Sources */,
				5E4E7AA12730513500C6B762 /* MateRunningModeSettingViewModel.swift in Sources */,
				AE6A6F2D272CCB2A005A3A5C /* RecordViewController.swift in Sources */,
				5E32DC652731004D000E525B /* BehaviorRelayProperty.swift in Sources */,
				AE6A6F2B272CC7C4005A3A5C /* TabBarController.swift in Sources */,
				AE6A6F532730423D005A3A5C /* RunningModeSettingViewController.swift in Sources */,
				5E171E61273251B4001C003B /* RunningResult.swift in Sources */,
				AE6A6F2F272CCB46005A3A5C /* HomeViewController.swift in Sources */,
				5E171E67273258A4001C003B /* RunningMode.swift in Sources */,
				5E32DC6827314764000E525B /* RoundedButton.swift in Sources */,
				B06E6DC427326C1C00D1EDAC /* Emoji.swift in Sources */,
				5E4E7A9F2730214700C6B762 /* MateRunningModeSettingViewController.swift in Sources */,
				B06E6DC727326E3F00D1EDAC /* RaceRunningResult.swift in Sources */,
				5E171E6527325691001C003B /* RunningSetting.swift in Sources */,
				3DF6D07E27301F1100991DC3 /* RunningResultViewController.swift in Sources */,
				AE6A6F562730E450005A3A5C /* UIView+ShadowEffect.swift in Sources */,
				5E918A0C272BD76D00B57888 /* SceneDelegate.swift in Sources */,
				5E171E632732536C001C003B /* Point.swift in Sources */,
				AE6A6F31272CCB59005A3A5C /* MyPageViewController.swift in Sources */,
				B0E72E15272FD2CC009E5635 /* DistanceSettingViewModel.swift in Sources */,
				AE6A6F37272FC723005A3A5C /* UIFont+CustomFont.swift in Sources */,
				AE6A6F5A2732B940005A3A5C /* RunningModeSettingUseCase.swift in Sources */,
			);
			runOnlyForDeploymentPostprocessing = 0;
		};
/* End PBXSourcesBuildPhase section */

/* Begin PBXVariantGroup section */
		5E918A0F272BD76D00B57888 /* Main.storyboard */ = {
			isa = PBXVariantGroup;
			children = (
				5E918A10272BD76D00B57888 /* Base */,
			);
			name = Main.storyboard;
			sourceTree = "<group>";
		};
		5E918A17272BD76F00B57888 /* LaunchScreen.storyboard */ = {
			isa = PBXVariantGroup;
			children = (
				5E918A18272BD76F00B57888 /* Base */,
			);
			name = LaunchScreen.storyboard;
			sourceTree = "<group>";
		};
/* End PBXVariantGroup section */

/* Begin XCBuildConfiguration section */
		5E918A1B272BD76F00B57888 /* Debug */ = {
			isa = XCBuildConfiguration;
			buildSettings = {
				ALWAYS_SEARCH_USER_PATHS = NO;
				CLANG_ANALYZER_NONNULL = YES;
				CLANG_ANALYZER_NUMBER_OBJECT_CONVERSION = YES_AGGRESSIVE;
				CLANG_CXX_LANGUAGE_STANDARD = "gnu++17";
				CLANG_CXX_LIBRARY = "libc++";
				CLANG_ENABLE_MODULES = YES;
				CLANG_ENABLE_OBJC_ARC = YES;
				CLANG_ENABLE_OBJC_WEAK = YES;
				CLANG_WARN_BLOCK_CAPTURE_AUTORELEASING = YES;
				CLANG_WARN_BOOL_CONVERSION = YES;
				CLANG_WARN_COMMA = YES;
				CLANG_WARN_CONSTANT_CONVERSION = YES;
				CLANG_WARN_DEPRECATED_OBJC_IMPLEMENTATIONS = YES;
				CLANG_WARN_DIRECT_OBJC_ISA_USAGE = YES_ERROR;
				CLANG_WARN_DOCUMENTATION_COMMENTS = YES;
				CLANG_WARN_EMPTY_BODY = YES;
				CLANG_WARN_ENUM_CONVERSION = YES;
				CLANG_WARN_INFINITE_RECURSION = YES;
				CLANG_WARN_INT_CONVERSION = YES;
				CLANG_WARN_NON_LITERAL_NULL_CONVERSION = YES;
				CLANG_WARN_OBJC_IMPLICIT_RETAIN_SELF = YES;
				CLANG_WARN_OBJC_LITERAL_CONVERSION = YES;
				CLANG_WARN_OBJC_ROOT_CLASS = YES_ERROR;
				CLANG_WARN_QUOTED_INCLUDE_IN_FRAMEWORK_HEADER = YES;
				CLANG_WARN_RANGE_LOOP_ANALYSIS = YES;
				CLANG_WARN_STRICT_PROTOTYPES = YES;
				CLANG_WARN_SUSPICIOUS_MOVE = YES;
				CLANG_WARN_UNGUARDED_AVAILABILITY = YES_AGGRESSIVE;
				CLANG_WARN_UNREACHABLE_CODE = YES;
				CLANG_WARN__DUPLICATE_METHOD_MATCH = YES;
				COPY_PHASE_STRIP = NO;
				DEBUG_INFORMATION_FORMAT = dwarf;
				ENABLE_STRICT_OBJC_MSGSEND = YES;
				ENABLE_TESTABILITY = YES;
				GCC_C_LANGUAGE_STANDARD = gnu11;
				GCC_DYNAMIC_NO_PIC = NO;
				GCC_NO_COMMON_BLOCKS = YES;
				GCC_OPTIMIZATION_LEVEL = 0;
				GCC_PREPROCESSOR_DEFINITIONS = (
					"DEBUG=1",
					"$(inherited)",
				);
				GCC_WARN_64_TO_32_BIT_CONVERSION = YES;
				GCC_WARN_ABOUT_RETURN_TYPE = YES_ERROR;
				GCC_WARN_UNDECLARED_SELECTOR = YES;
				GCC_WARN_UNINITIALIZED_AUTOS = YES_AGGRESSIVE;
				GCC_WARN_UNUSED_FUNCTION = YES;
				GCC_WARN_UNUSED_VARIABLE = YES;
				IPHONEOS_DEPLOYMENT_TARGET = 15.0;
				MTL_ENABLE_DEBUG_INFO = INCLUDE_SOURCE;
				MTL_FAST_MATH = YES;
				ONLY_ACTIVE_ARCH = YES;
				SDKROOT = iphoneos;
				SWIFT_ACTIVE_COMPILATION_CONDITIONS = DEBUG;
				SWIFT_OPTIMIZATION_LEVEL = "-Onone";
			};
			name = Debug;
		};
		5E918A1C272BD76F00B57888 /* Release */ = {
			isa = XCBuildConfiguration;
			buildSettings = {
				ALWAYS_SEARCH_USER_PATHS = NO;
				CLANG_ANALYZER_NONNULL = YES;
				CLANG_ANALYZER_NUMBER_OBJECT_CONVERSION = YES_AGGRESSIVE;
				CLANG_CXX_LANGUAGE_STANDARD = "gnu++17";
				CLANG_CXX_LIBRARY = "libc++";
				CLANG_ENABLE_MODULES = YES;
				CLANG_ENABLE_OBJC_ARC = YES;
				CLANG_ENABLE_OBJC_WEAK = YES;
				CLANG_WARN_BLOCK_CAPTURE_AUTORELEASING = YES;
				CLANG_WARN_BOOL_CONVERSION = YES;
				CLANG_WARN_COMMA = YES;
				CLANG_WARN_CONSTANT_CONVERSION = YES;
				CLANG_WARN_DEPRECATED_OBJC_IMPLEMENTATIONS = YES;
				CLANG_WARN_DIRECT_OBJC_ISA_USAGE = YES_ERROR;
				CLANG_WARN_DOCUMENTATION_COMMENTS = YES;
				CLANG_WARN_EMPTY_BODY = YES;
				CLANG_WARN_ENUM_CONVERSION = YES;
				CLANG_WARN_INFINITE_RECURSION = YES;
				CLANG_WARN_INT_CONVERSION = YES;
				CLANG_WARN_NON_LITERAL_NULL_CONVERSION = YES;
				CLANG_WARN_OBJC_IMPLICIT_RETAIN_SELF = YES;
				CLANG_WARN_OBJC_LITERAL_CONVERSION = YES;
				CLANG_WARN_OBJC_ROOT_CLASS = YES_ERROR;
				CLANG_WARN_QUOTED_INCLUDE_IN_FRAMEWORK_HEADER = YES;
				CLANG_WARN_RANGE_LOOP_ANALYSIS = YES;
				CLANG_WARN_STRICT_PROTOTYPES = YES;
				CLANG_WARN_SUSPICIOUS_MOVE = YES;
				CLANG_WARN_UNGUARDED_AVAILABILITY = YES_AGGRESSIVE;
				CLANG_WARN_UNREACHABLE_CODE = YES;
				CLANG_WARN__DUPLICATE_METHOD_MATCH = YES;
				COPY_PHASE_STRIP = NO;
				DEBUG_INFORMATION_FORMAT = "dwarf-with-dsym";
				ENABLE_NS_ASSERTIONS = NO;
				ENABLE_STRICT_OBJC_MSGSEND = YES;
				GCC_C_LANGUAGE_STANDARD = gnu11;
				GCC_NO_COMMON_BLOCKS = YES;
				GCC_WARN_64_TO_32_BIT_CONVERSION = YES;
				GCC_WARN_ABOUT_RETURN_TYPE = YES_ERROR;
				GCC_WARN_UNDECLARED_SELECTOR = YES;
				GCC_WARN_UNINITIALIZED_AUTOS = YES_AGGRESSIVE;
				GCC_WARN_UNUSED_FUNCTION = YES;
				GCC_WARN_UNUSED_VARIABLE = YES;
				IPHONEOS_DEPLOYMENT_TARGET = 15.0;
				MTL_ENABLE_DEBUG_INFO = NO;
				MTL_FAST_MATH = YES;
				SDKROOT = iphoneos;
				SWIFT_COMPILATION_MODE = wholemodule;
				SWIFT_OPTIMIZATION_LEVEL = "-O";
				VALIDATE_PRODUCT = YES;
			};
			name = Release;
		};
		5E918A1E272BD76F00B57888 /* Debug */ = {
			isa = XCBuildConfiguration;
			baseConfigurationReference = AA58FE6D980F15F2458B0C88 /* Pods-MateRunner.debug.xcconfig */;
			buildSettings = {
				ASSETCATALOG_COMPILER_APPICON_NAME = AppIcon;
				ASSETCATALOG_COMPILER_GLOBAL_ACCENT_COLOR_NAME = AccentColor;
				CODE_SIGN_ENTITLEMENTS = MateRunner/MateRunner.entitlements;
				CODE_SIGN_STYLE = Automatic;
				CURRENT_PROJECT_VERSION = 1;
				DEVELOPMENT_TEAM = B3PWYBKFUK;
				GENERATE_INFOPLIST_FILE = YES;
				INFOPLIST_FILE = MateRunner/Resource/Info.plist;
				INFOPLIST_KEY_UIApplicationSupportsIndirectInputEvents = YES;
				INFOPLIST_KEY_UILaunchStoryboardName = LaunchScreen;
				INFOPLIST_KEY_UIMainStoryboardFile = Main;
				INFOPLIST_KEY_UISupportedInterfaceOrientations = UIInterfaceOrientationPortrait;
				INFOPLIST_KEY_UISupportedInterfaceOrientations_iPad = "UIInterfaceOrientationPortrait UIInterfaceOrientationPortraitUpsideDown UIInterfaceOrientationLandscapeLeft UIInterfaceOrientationLandscapeRight";
				INFOPLIST_KEY_UISupportedInterfaceOrientations_iPhone = "UIInterfaceOrientationPortrait UIInterfaceOrientationLandscapeLeft UIInterfaceOrientationLandscapeRight";
				IPHONEOS_DEPLOYMENT_TARGET = 13.0;
				LD_RUNPATH_SEARCH_PATHS = (
					"$(inherited)",
					"@executable_path/Frameworks",
				);
				MARKETING_VERSION = 1.0;
				PRODUCT_BUNDLE_IDENTIFIER = com.AppleGarden.MateRunner;
				PRODUCT_NAME = "$(TARGET_NAME)";
				SWIFT_EMIT_LOC_STRINGS = YES;
				SWIFT_VERSION = 5.0;
				TARGETED_DEVICE_FAMILY = 1;
			};
			name = Debug;
		};
		5E918A1F272BD76F00B57888 /* Release */ = {
			isa = XCBuildConfiguration;
			baseConfigurationReference = 6C97F4C39474B393380D3451 /* Pods-MateRunner.release.xcconfig */;
			buildSettings = {
				ASSETCATALOG_COMPILER_APPICON_NAME = AppIcon;
				ASSETCATALOG_COMPILER_GLOBAL_ACCENT_COLOR_NAME = AccentColor;
				CODE_SIGN_ENTITLEMENTS = MateRunner/MateRunner.entitlements;
				CODE_SIGN_STYLE = Automatic;
				CURRENT_PROJECT_VERSION = 1;
				DEVELOPMENT_TEAM = B3PWYBKFUK;
				GENERATE_INFOPLIST_FILE = YES;
				INFOPLIST_FILE = MateRunner/Resource/Info.plist;
				INFOPLIST_KEY_UIApplicationSupportsIndirectInputEvents = YES;
				INFOPLIST_KEY_UILaunchStoryboardName = LaunchScreen;
				INFOPLIST_KEY_UIMainStoryboardFile = Main;
				INFOPLIST_KEY_UISupportedInterfaceOrientations = UIInterfaceOrientationPortrait;
				INFOPLIST_KEY_UISupportedInterfaceOrientations_iPad = "UIInterfaceOrientationPortrait UIInterfaceOrientationPortraitUpsideDown UIInterfaceOrientationLandscapeLeft UIInterfaceOrientationLandscapeRight";
				INFOPLIST_KEY_UISupportedInterfaceOrientations_iPhone = "UIInterfaceOrientationPortrait UIInterfaceOrientationLandscapeLeft UIInterfaceOrientationLandscapeRight";
				IPHONEOS_DEPLOYMENT_TARGET = 13.0;
				LD_RUNPATH_SEARCH_PATHS = (
					"$(inherited)",
					"@executable_path/Frameworks",
				);
				MARKETING_VERSION = 1.0;
				PRODUCT_BUNDLE_IDENTIFIER = com.AppleGarden.MateRunner;
				PRODUCT_NAME = "$(TARGET_NAME)";
				SWIFT_EMIT_LOC_STRINGS = YES;
				SWIFT_VERSION = 5.0;
				TARGETED_DEVICE_FAMILY = 1;
			};
			name = Release;
		};
/* End XCBuildConfiguration section */

/* Begin XCConfigurationList section */
		5E918A01272BD76D00B57888 /* Build configuration list for PBXProject "MateRunner" */ = {
			isa = XCConfigurationList;
			buildConfigurations = (
				5E918A1B272BD76F00B57888 /* Debug */,
				5E918A1C272BD76F00B57888 /* Release */,
			);
			defaultConfigurationIsVisible = 0;
			defaultConfigurationName = Release;
		};
		5E918A1D272BD76F00B57888 /* Build configuration list for PBXNativeTarget "MateRunner" */ = {
			isa = XCConfigurationList;
			buildConfigurations = (
				5E918A1E272BD76F00B57888 /* Debug */,
				5E918A1F272BD76F00B57888 /* Release */,
			);
			defaultConfigurationIsVisible = 0;
			defaultConfigurationName = Release;
		};
/* End XCConfigurationList section */

/* Begin XCVersionGroup section */
		5E918A12272BD76D00B57888 /* MateRunner.xcdatamodeld */ = {
			isa = XCVersionGroup;
			children = (
				5E918A13272BD76D00B57888 /* MateRunner.xcdatamodel */,
			);
			currentVersion = 5E918A13272BD76D00B57888 /* MateRunner.xcdatamodel */;
			path = MateRunner.xcdatamodeld;
			sourceTree = "<group>";
			versionGroupType = wrapper.xcdatamodel;
		};
/* End XCVersionGroup section */
	};
	rootObject = 5E9189FE272BD76D00B57888 /* Project object */;
}
